
Microsoft Visual Studio Solution File, Format Version 12.00
# Visual Studio Version 16
VisualStudioVersion = 16.0.29424.173
MinimumVisualStudioVersion = 10.0.40219.1
Project("{FAE04EC0-301F-11D3-BF4B-00C04F79EFBC}") = "CodeLouisvilleWeb", "CodeLouisvilleWeb\CodeLouisvilleWeb.csproj", "{DD6CA13A-08F4-4A31-99F6-54EB9E170079}"
EndProject
Global
	GlobalSection(SolutionConfigurationPlatforms) = preSolution
		Debug|Any CPU = Debug|Any CPU
		Release|Any CPU = Release|Any CPU
	EndGlobalSection
	GlobalSection(ProjectConfigurationPlatforms) = postSolution
		{DD6CA13A-08F4-4A31-99F6-54EB9E170079}.Debug|Any CPU.ActiveCfg = Debug|Any CPU
		{DD6CA13A-08F4-4A31-99F6-54EB9E170079}.Debug|Any CPU.Build.0 = Debug|Any CPU
		{DD6CA13A-08F4-4A31-99F6-54EB9E170079}.Release|Any CPU.ActiveCfg = Release|Any CPU
		{DD6CA13A-08F4-4A31-99F6-54EB9E170079}.Release|Any CPU.Build.0 = Release|Any CPU
	EndGlobalSection
	GlobalSection(SolutionProperties) = preSolution
		HideSolutionNode = FALSE
	EndGlobalSection
	GlobalSection(ExtensibilityGlobals) = postSolution
		SolutionGuid = {2536E3D4-93C2-4017-A5EE-74045911651D}
	EndGlobalSection
EndGlobal
